
Microsoft Visual Studio Solution File, Format Version 12.00
# Visual Studio 15
VisualStudioVersion = 15.0.28307.489
MinimumVisualStudioVersion = 10.0.40219.1
Project("{2150E333-8FDC-42A3-9474-1A3956D46DE8}") = "src", "src", "{A2DC7BF5-398E-47F8-800E-B210B0D61596}"
EndProject
Project("{2150E333-8FDC-42A3-9474-1A3956D46DE8}") = "tests", "tests", "{12D26C95-D4D8-4BD4-A4A8-F9C387ECE2EF}"
EndProject
Project("{9A19103F-16F7-4668-BE54-9A1E7A4F7556}") = "MarksFoodApi.Domain", "MarksFoodApi.Domain\MarksFoodApi.Domain.csproj", "{13D02C24-18B5-4D13-ACDD-54D192284449}"
EndProject
Project("{9A19103F-16F7-4668-BE54-9A1E7A4F7556}") = "MarksFoodApi.UnitTests", "MarksFoodApi.UnitTests\MarksFoodApi.UnitTests.csproj", "{614FB2A9-AE09-4A92-A08D-42D6ECEA3994}"
EndProject
Project("{9A19103F-16F7-4668-BE54-9A1E7A4F7556}") = "MarksFoodApi.Infra", "MarksFoodApi.Infra\MarksFoodApi.Infra.csproj", "{24716225-B319-4969-B8F4-4722622DD996}"
EndProject
Project("{9A19103F-16F7-4668-BE54-9A1E7A4F7556}") = "MarksFoodApi.Api", "MarksFoodApi.Api\MarksFoodApi.Api.csproj", "{32B67584-1701-4ADA-8A69-B44FB4DC3A88}"
EndProject
Global
	GlobalSection(SolutionConfigurationPlatforms) = preSolution
		Debug|Any CPU = Debug|Any CPU
		Release|Any CPU = Release|Any CPU
	EndGlobalSection
	GlobalSection(ProjectConfigurationPlatforms) = postSolution
		{13D02C24-18B5-4D13-ACDD-54D192284449}.Debug|Any CPU.ActiveCfg = Debug|Any CPU
		{13D02C24-18B5-4D13-ACDD-54D192284449}.Debug|Any CPU.Build.0 = Debug|Any CPU
		{13D02C24-18B5-4D13-ACDD-54D192284449}.Release|Any CPU.ActiveCfg = Release|Any CPU
		{13D02C24-18B5-4D13-ACDD-54D192284449}.Release|Any CPU.Build.0 = Release|Any CPU
		{614FB2A9-AE09-4A92-A08D-42D6ECEA3994}.Debug|Any CPU.ActiveCfg = Debug|Any CPU
		{614FB2A9-AE09-4A92-A08D-42D6ECEA3994}.Debug|Any CPU.Build.0 = Debug|Any CPU
		{614FB2A9-AE09-4A92-A08D-42D6ECEA3994}.Release|Any CPU.ActiveCfg = Release|Any CPU
		{614FB2A9-AE09-4A92-A08D-42D6ECEA3994}.Release|Any CPU.Build.0 = Release|Any CPU
		{24716225-B319-4969-B8F4-4722622DD996}.Debug|Any CPU.ActiveCfg = Debug|Any CPU
		{24716225-B319-4969-B8F4-4722622DD996}.Debug|Any CPU.Build.0 = Debug|Any CPU
		{24716225-B319-4969-B8F4-4722622DD996}.Release|Any CPU.ActiveCfg = Release|Any CPU
		{24716225-B319-4969-B8F4-4722622DD996}.Release|Any CPU.Build.0 = Release|Any CPU
		{32B67584-1701-4ADA-8A69-B44FB4DC3A88}.Debug|Any CPU.ActiveCfg = Debug|Any CPU
		{32B67584-1701-4ADA-8A69-B44FB4DC3A88}.Debug|Any CPU.Build.0 = Debug|Any CPU
		{32B67584-1701-4ADA-8A69-B44FB4DC3A88}.Release|Any CPU.ActiveCfg = Release|Any CPU
		{32B67584-1701-4ADA-8A69-B44FB4DC3A88}.Release|Any CPU.Build.0 = Release|Any CPU
	EndGlobalSection
	GlobalSection(SolutionProperties) = preSolution
		HideSolutionNode = FALSE
	EndGlobalSection
	GlobalSection(NestedProjects) = preSolution
		{13D02C24-18B5-4D13-ACDD-54D192284449} = {A2DC7BF5-398E-47F8-800E-B210B0D61596}
		{614FB2A9-AE09-4A92-A08D-42D6ECEA3994} = {12D26C95-D4D8-4BD4-A4A8-F9C387ECE2EF}
		{24716225-B319-4969-B8F4-4722622DD996} = {A2DC7BF5-398E-47F8-800E-B210B0D61596}
		{32B67584-1701-4ADA-8A69-B44FB4DC3A88} = {A2DC7BF5-398E-47F8-800E-B210B0D61596}
	EndGlobalSection
	GlobalSection(ExtensibilityGlobals) = postSolution
		SolutionGuid = {3409568D-E0E1-4405-8BDE-81EE819A2660}
	EndGlobalSection
EndGlobal
